<?xml version="1.0" encoding="utf-8"?>
<Project ToolsVersion="4.0" xmlns="http://schemas.microsoft.com/developer/msbuild/2003">
  <ItemGroup>
    <Filter Include="Исходные файлы">
      <UniqueIdentifier>{4FC737F1-C7A5-4376-A066-2A32D752A2FF}</UniqueIdentifier>
      <Extensions>cpp;c;cc;cxx;c++;cppm;ixx;def;odl;idl;hpj;bat;asm;asmx</Extensions>
    </Filter>
    <Filter Include="Файлы заголовков">
      <UniqueIdentifier>{93995380-89BD-4b04-88EB-625FBE52EBFB}</UniqueIdentifier>
      <Extensions>h;hh;hpp;hxx;h++;hm;inl;inc;ipp;xsd</Extensions>
    </Filter>
    <Filter Include="Файлы ресурсов">
      <UniqueIdentifier>{67DA6AB6-F800-4c08-8B7A-83BB121AAD01}</UniqueIdentifier>
      <Extensions>rc;ico;cur;bmp;dlg;rc2;rct;bin;rgs;gif;jpg;jpeg;jpe;resx;tiff;tif;png;wav;mfcribbon-ms</Extensions>
    </Filter>
  </ItemGroup>
  <ItemGroup>
    <ClCompile Include="Main.cpp">
      <Filter>Исходные файлы</Filter>
    </ClCompile>
    <ClCompile Include="User.cpp">
      <Filter>Исходные файлы</Filter>
    </ClCompile>
    <ClCompile Include="LoginSystem.cpp">
      <Filter>Исходные файлы</Filter>
    </ClCompile>
    <ClCompile Include="checking.cpp">
      <Filter>Исходные файлы</Filter>
    </ClCompile>
    <ClCompile Include="Menu.cpp">
      <Filter>Исходные файлы</Filter>
    </ClCompile>
    <ClCompile Include="BonusSystem.cpp">
      <Filter>Исходные файлы</Filter>
    </ClCompile>
    <ClCompile Include="Task.cpp">
      <Filter>Исходные файлы</Filter>
    </ClCompile>
    <ClCompile Include="TaskByPoint.cpp">
      <Filter>Исходные файлы</Filter>
    </ClCompile>
    <ClCompile Include="TaskByPercent.cpp">
      <Filter>Исходные файлы</Filter>
    </ClCompile>
    <ClCompile Include="SourceOfBonuses.cpp">
      <Filter>Исходные файлы</Filter>
    </ClCompile>
    <ClCompile Include="SourceBonusSystem.cpp">
      <Filter>Исходные файлы</Filter>
    </ClCompile>
  </ItemGroup>
  <ItemGroup>
    <ClInclude Include="Employee.h">
      <Filter>Файлы заголовков</Filter>
    </ClInclude>
    <ClInclude Include="User.h">
      <Filter>Файлы заголовков</Filter>
    </ClInclude>
    <ClInclude Include="LoginSystem.h">
      <Filter>Файлы заголовков</Filter>
    </ClInclude>
    <ClInclude Include="checking.h">
      <Filter>Файлы заголовков</Filter>
    </ClInclude>
    <ClInclude Include="Menu.h">
      <Filter>Файлы заголовков</Filter>
    </ClInclude>
    <ClInclude Include="Task.h">
      <Filter>Файлы заголовков</Filter>
    </ClInclude>
    <ClInclude Include="BonusSystem.h">
      <Filter>Файлы заголовков</Filter>
    </ClInclude>
    <ClInclude Include="TaskByPoint.h">
      <Filter>Файлы заголовков</Filter>
    </ClInclude>
    <ClInclude Include="TaskByPercent.h">
      <Filter>Файлы заголовков</Filter>
    </ClInclude>
    <ClInclude Include="SourceOfBonuses.h">
      <Filter>Файлы заголовков</Filter>
    </ClInclude>
    <ClInclude Include="SourceBonusSystem.h">
      <Filter>Файлы заголовков</Filter>
    </ClInclude>
  </ItemGroup>
  <ItemGroup>
    <None Include="PaidBonuses.dat">
      <Filter>Файлы ресурсов</Filter>
    </None>
    <None Include="LoginSytem.dat">
      <Filter>Файлы ресурсов</Filter>
    </None>
    <None Include="BonusSytem.dat">
      <Filter>Файлы ресурсов</Filter>
    </None>
    <None Include="SourceBonusSystem.dat">
      <Filter>Файлы ресурсов</Filter>
    </None>
  </ItemGroup>
</Project>